
Microsoft Visual Studio Solution File, Format Version 12.00
# Visual Studio Version 17
VisualStudioVersion = 17.5.33424.131
MinimumVisualStudioVersion = 10.0.40219.1
Project("{9A19103F-16F7-4668-BE54-9A1E7A4F7556}") = "Calculadora.ConsoleApp", "Calculadora.ConsoleApp\Calculadora.ConsoleApp.csproj", "{133F75B3-FE36-4F97-820C-17A9F9F6CD4E}"
EndProject
Global
	GlobalSection(SolutionConfigurationPlatforms) = preSolution
		Debug|Any CPU = Debug|Any CPU
		Release|Any CPU = Release|Any CPU
	EndGlobalSection
	GlobalSection(ProjectConfigurationPlatforms) = postSolution
		{133F75B3-FE36-4F97-820C-17A9F9F6CD4E}.Debug|Any CPU.ActiveCfg = Debug|Any CPU
		{133F75B3-FE36-4F97-820C-17A9F9F6CD4E}.Debug|Any CPU.Build.0 = Debug|Any CPU
		{133F75B3-FE36-4F97-820C-17A9F9F6CD4E}.Release|Any CPU.ActiveCfg = Release|Any CPU
		{133F75B3-FE36-4F97-820C-17A9F9F6CD4E}.Release|Any CPU.Build.0 = Release|Any CPU
	EndGlobalSection
	GlobalSection(SolutionProperties) = preSolution
		HideSolutionNode = FALSE
	EndGlobalSection
	GlobalSection(ExtensibilityGlobals) = postSolution
		SolutionGuid = {2AFC9F29-BE4E-4A1F-8277-8639633E48DB}
	EndGlobalSection
EndGlobal
